
Microsoft Visual Studio Solution File, Format Version 12.00
# Visual Studio 15
VisualStudioVersion = 15.0.28307.779
MinimumVisualStudioVersion = 10.0.40219.1
Project("{FAE04EC0-301F-11D3-BF4B-00C04F79EFBC}") = "ApiAppDemo", "ApiAppDemo\ApiAppDemo.csproj", "{DD11D98E-FC30-459F-8608-748B0CCD41C3}"
EndProject
Project("{FAE04EC0-301F-11D3-BF4B-00C04F79EFBC}") = "WpfAppDemo", "WpfAppDemo\WpfAppDemo.csproj", "{EBCDE345-1002-4C87-9515-0CC8ABC81FD7}"
EndProject
Global
	GlobalSection(SolutionConfigurationPlatforms) = preSolution
		Debug|Any CPU = Debug|Any CPU
		Release|Any CPU = Release|Any CPU
	EndGlobalSection
	GlobalSection(ProjectConfigurationPlatforms) = postSolution
		{DD11D98E-FC30-459F-8608-748B0CCD41C3}.Debug|Any CPU.ActiveCfg = Debug|Any CPU
		{DD11D98E-FC30-459F-8608-748B0CCD41C3}.Debug|Any CPU.Build.0 = Debug|Any CPU
		{DD11D98E-FC30-459F-8608-748B0CCD41C3}.Release|Any CPU.ActiveCfg = Release|Any CPU
		{DD11D98E-FC30-459F-8608-748B0CCD41C3}.Release|Any CPU.Build.0 = Release|Any CPU
		{EBCDE345-1002-4C87-9515-0CC8ABC81FD7}.Debug|Any CPU.ActiveCfg = Debug|Any CPU
		{EBCDE345-1002-4C87-9515-0CC8ABC81FD7}.Debug|Any CPU.Build.0 = Debug|Any CPU
		{EBCDE345-1002-4C87-9515-0CC8ABC81FD7}.Release|Any CPU.ActiveCfg = Release|Any CPU
		{EBCDE345-1002-4C87-9515-0CC8ABC81FD7}.Release|Any CPU.Build.0 = Release|Any CPU
	EndGlobalSection
	GlobalSection(SolutionProperties) = preSolution
		HideSolutionNode = FALSE
	EndGlobalSection
	GlobalSection(ExtensibilityGlobals) = postSolution
		SolutionGuid = {6C2DD03C-55B7-4700-8646-9CE88AE2DA78}
	EndGlobalSection
EndGlobal
